
Microsoft Visual Studio Solution File, Format Version 12.00
# Visual Studio Version 17
VisualStudioVersion = 17.6.33815.320
MinimumVisualStudioVersion = 10.0.40219.1
Project("{54A90642-561A-4BB1-A94E-469ADEE60C69}") = "freelanceprojectfront", "FreelanceProjectFront\freelanceprojectfront.esproj", "{5665ACC7-2488-4AA0-B1F8-6CCD2D7C126D}"
EndProject
Global
	GlobalSection(SolutionConfigurationPlatforms) = preSolution
		Debug|Any CPU = Debug|Any CPU
		Release|Any CPU = Release|Any CPU
	EndGlobalSection
	GlobalSection(ProjectConfigurationPlatforms) = postSolution
		{5665ACC7-2488-4AA0-B1F8-6CCD2D7C126D}.Debug|Any CPU.ActiveCfg = Debug|Any CPU
		{5665ACC7-2488-4AA0-B1F8-6CCD2D7C126D}.Debug|Any CPU.Build.0 = Debug|Any CPU
		{5665ACC7-2488-4AA0-B1F8-6CCD2D7C126D}.Debug|Any CPU.Deploy.0 = Debug|Any CPU
		{5665ACC7-2488-4AA0-B1F8-6CCD2D7C126D}.Release|Any CPU.ActiveCfg = Release|Any CPU
		{5665ACC7-2488-4AA0-B1F8-6CCD2D7C126D}.Release|Any CPU.Build.0 = Release|Any CPU
		{5665ACC7-2488-4AA0-B1F8-6CCD2D7C126D}.Release|Any CPU.Deploy.0 = Release|Any CPU
	EndGlobalSection
	GlobalSection(SolutionProperties) = preSolution
		HideSolutionNode = FALSE
	EndGlobalSection
	GlobalSection(ExtensibilityGlobals) = postSolution
		SolutionGuid = {DAEE1583-7578-48B9-8513-BB8C55AF9FBE}
	EndGlobalSection
EndGlobal
